
Microsoft Visual Studio Solution File, Format Version 12.00
# Visual Studio 15
Project("{FAE04EC0-301F-11D3-BF4B-00C04F79EFBC}") = "Assembly-CSharp", "Assembly-CSharp.csproj", "{301F27AE-064C-2BA8-962F-8FF5BDD4AB95}"
EndProject
Project("{FAE04EC0-301F-11D3-BF4B-00C04F79EFBC}") = "Assembly-CSharp-Editor", "Assembly-CSharp-Editor.csproj", "{BDBA9DCE-99C2-CD96-E224-80A2A4CE4096}"
EndProject
Global
	GlobalSection(SolutionConfigurationPlatforms) = preSolution
		Debug|Any CPU = Debug|Any CPU
		Release|Any CPU = Release|Any CPU
	EndGlobalSection
	GlobalSection(ProjectConfigurationPlatforms) = postSolution
		{301F27AE-064C-2BA8-962F-8FF5BDD4AB95}.Debug|Any CPU.ActiveCfg = Debug|Any CPU
		{301F27AE-064C-2BA8-962F-8FF5BDD4AB95}.Debug|Any CPU.Build.0 = Debug|Any CPU
		{301F27AE-064C-2BA8-962F-8FF5BDD4AB95}.Release|Any CPU.ActiveCfg = Release|Any CPU
		{301F27AE-064C-2BA8-962F-8FF5BDD4AB95}.Release|Any CPU.Build.0 = Release|Any CPU
		{BDBA9DCE-99C2-CD96-E224-80A2A4CE4096}.Debug|Any CPU.ActiveCfg = Debug|Any CPU
		{BDBA9DCE-99C2-CD96-E224-80A2A4CE4096}.Debug|Any CPU.Build.0 = Debug|Any CPU
		{BDBA9DCE-99C2-CD96-E224-80A2A4CE4096}.Release|Any CPU.ActiveCfg = Release|Any CPU
		{BDBA9DCE-99C2-CD96-E224-80A2A4CE4096}.Release|Any CPU.Build.0 = Release|Any CPU
	EndGlobalSection
	GlobalSection(SolutionProperties) = preSolution
		HideSolutionNode = FALSE
	EndGlobalSection
EndGlobal
